
Microsoft Visual Studio Solution File, Format Version 12.00
# Visual Studio Version 16
VisualStudioVersion = 16.0.30503.244
MinimumVisualStudioVersion = 10.0.40219.1
Project("{9A19103F-16F7-4668-BE54-9A1E7A4F7556}") = "MaxNumber", "MaxNumber\MaxNumber.csproj", "{A11E2432-8926-4460-B772-97010746087A}"
EndProject
Project("{9A19103F-16F7-4668-BE54-9A1E7A4F7556}") = "CurrencyExchange", "CurrencyExchange\CurrencyExchange.csproj", "{179667D1-0054-46C0-8093-367F3E5FFCCF}"
EndProject
Project("{9A19103F-16F7-4668-BE54-9A1E7A4F7556}") = "GreyScale", "GreyScale\GreyScale.csproj", "{392F4995-7734-40C4-B07C-BE7F033B7706}"
EndProject
Project("{9A19103F-16F7-4668-BE54-9A1E7A4F7556}") = "MaxNumberTests", "MaxNumberTests\MaxNumberTests.csproj", "{6688D2B9-6607-4186-A06C-C9A9478332EB}"
EndProject
Project("{2150E333-8FDC-42A3-9474-1A3956D46DE8}") = "MaximumNumber", "MaximumNumber", "{A891F9AD-D302-4A4A-AC98-7B4A15580150}"
EndProject
Project("{2150E333-8FDC-42A3-9474-1A3956D46DE8}") = "ExhcnagePathFinder", "ExhcnagePathFinder", "{F72CC581-8481-4D12-872F-B4DCFF326F84}"
EndProject
Project("{9A19103F-16F7-4668-BE54-9A1E7A4F7556}") = "CurrencyExchangeTests", "CurrencyExchangeTests\CurrencyExchangeTests.csproj", "{D386AE8A-84E2-444F-AC32-1CBED45FAA82}"
EndProject
Project("{2150E333-8FDC-42A3-9474-1A3956D46DE8}") = "HomeTask", "HomeTask", "{5162A6CC-3101-4445-8064-CEA59E0A49EA}"
EndProject
Project("{9A19103F-16F7-4668-BE54-9A1E7A4F7556}") = "Dictionary", "HomeTasks\Dictionary\Dictionary\Dictionary.csproj", "{10A43EFA-A64B-477A-A272-17871FD4155F}"
EndProject
Project("{9A19103F-16F7-4668-BE54-9A1E7A4F7556}") = "DictionaryTest", "HomeTasks\Dictionary\DictionaryTest\DictionaryTest.csproj", "{B121C5E7-D65B-4F87-9B22-63AB8C43F3DB}"
EndProject
Project("{2150E333-8FDC-42A3-9474-1A3956D46DE8}") = "HometaskDictionary", "HometaskDictionary", "{EA8961FD-6FDD-4E73-988B-26B10E128950}"
EndProject
Project("{2150E333-8FDC-42A3-9474-1A3956D46DE8}") = "HometaskAsync", "HometaskAsync", "{E901C4F0-940E-40BE-BD76-CB173F995DC7}"
EndProject
Project("{9A19103F-16F7-4668-BE54-9A1E7A4F7556}") = "DownloadManager", "HomeTasks\DownManager\DownloadManager\DownloadManager.csproj", "{1BFD1FD6-04EC-4821-BD41-0611E5296698}"
EndProject
Project("{9A19103F-16F7-4668-BE54-9A1E7A4F7556}") = "ConsoleDownloadManager", "HomeTasks\DownManager\ConsoleDownloadManager\ConsoleDownloadManager.csproj", "{171DBA33-E61C-4EED-A262-11BDA12F5794}"
EndProject
Project("{9A19103F-16F7-4668-BE54-9A1E7A4F7556}") = "WpfApp", "HomeTasks\DownManager\WpfApp\WpfApp.csproj", "{53A00750-8C2F-4AE3-88F4-987D62A64DDC}"
EndProject
Global
	GlobalSection(SolutionConfigurationPlatforms) = preSolution
		Debug|Any CPU = Debug|Any CPU
		Release|Any CPU = Release|Any CPU
	EndGlobalSection
	GlobalSection(ProjectConfigurationPlatforms) = postSolution
		{A11E2432-8926-4460-B772-97010746087A}.Debug|Any CPU.ActiveCfg = Debug|Any CPU
		{A11E2432-8926-4460-B772-97010746087A}.Debug|Any CPU.Build.0 = Debug|Any CPU
		{A11E2432-8926-4460-B772-97010746087A}.Release|Any CPU.ActiveCfg = Release|Any CPU
		{A11E2432-8926-4460-B772-97010746087A}.Release|Any CPU.Build.0 = Release|Any CPU
		{179667D1-0054-46C0-8093-367F3E5FFCCF}.Debug|Any CPU.ActiveCfg = Debug|Any CPU
		{179667D1-0054-46C0-8093-367F3E5FFCCF}.Debug|Any CPU.Build.0 = Debug|Any CPU
		{179667D1-0054-46C0-8093-367F3E5FFCCF}.Release|Any CPU.ActiveCfg = Release|Any CPU
		{179667D1-0054-46C0-8093-367F3E5FFCCF}.Release|Any CPU.Build.0 = Release|Any CPU
		{392F4995-7734-40C4-B07C-BE7F033B7706}.Debug|Any CPU.ActiveCfg = Debug|Any CPU
		{392F4995-7734-40C4-B07C-BE7F033B7706}.Debug|Any CPU.Build.0 = Debug|Any CPU
		{392F4995-7734-40C4-B07C-BE7F033B7706}.Release|Any CPU.ActiveCfg = Release|Any CPU
		{392F4995-7734-40C4-B07C-BE7F033B7706}.Release|Any CPU.Build.0 = Release|Any CPU
		{6688D2B9-6607-4186-A06C-C9A9478332EB}.Debug|Any CPU.ActiveCfg = Debug|Any CPU
		{6688D2B9-6607-4186-A06C-C9A9478332EB}.Debug|Any CPU.Build.0 = Debug|Any CPU
		{6688D2B9-6607-4186-A06C-C9A9478332EB}.Release|Any CPU.ActiveCfg = Release|Any CPU
		{6688D2B9-6607-4186-A06C-C9A9478332EB}.Release|Any CPU.Build.0 = Release|Any CPU
		{D386AE8A-84E2-444F-AC32-1CBED45FAA82}.Debug|Any CPU.ActiveCfg = Debug|Any CPU
		{D386AE8A-84E2-444F-AC32-1CBED45FAA82}.Debug|Any CPU.Build.0 = Debug|Any CPU
		{D386AE8A-84E2-444F-AC32-1CBED45FAA82}.Release|Any CPU.ActiveCfg = Release|Any CPU
		{D386AE8A-84E2-444F-AC32-1CBED45FAA82}.Release|Any CPU.Build.0 = Release|Any CPU
		{10A43EFA-A64B-477A-A272-17871FD4155F}.Debug|Any CPU.ActiveCfg = Debug|Any CPU
		{10A43EFA-A64B-477A-A272-17871FD4155F}.Debug|Any CPU.Build.0 = Debug|Any CPU
		{10A43EFA-A64B-477A-A272-17871FD4155F}.Release|Any CPU.ActiveCfg = Release|Any CPU
		{10A43EFA-A64B-477A-A272-17871FD4155F}.Release|Any CPU.Build.0 = Release|Any CPU
		{B121C5E7-D65B-4F87-9B22-63AB8C43F3DB}.Debug|Any CPU.ActiveCfg = Debug|Any CPU
		{B121C5E7-D65B-4F87-9B22-63AB8C43F3DB}.Debug|Any CPU.Build.0 = Debug|Any CPU
		{B121C5E7-D65B-4F87-9B22-63AB8C43F3DB}.Release|Any CPU.ActiveCfg = Release|Any CPU
		{B121C5E7-D65B-4F87-9B22-63AB8C43F3DB}.Release|Any CPU.Build.0 = Release|Any CPU
		{1BFD1FD6-04EC-4821-BD41-0611E5296698}.Debug|Any CPU.ActiveCfg = Debug|Any CPU
		{1BFD1FD6-04EC-4821-BD41-0611E5296698}.Debug|Any CPU.Build.0 = Debug|Any CPU
		{1BFD1FD6-04EC-4821-BD41-0611E5296698}.Release|Any CPU.ActiveCfg = Release|Any CPU
		{1BFD1FD6-04EC-4821-BD41-0611E5296698}.Release|Any CPU.Build.0 = Release|Any CPU
		{171DBA33-E61C-4EED-A262-11BDA12F5794}.Debug|Any CPU.ActiveCfg = Debug|Any CPU
		{171DBA33-E61C-4EED-A262-11BDA12F5794}.Debug|Any CPU.Build.0 = Debug|Any CPU
		{171DBA33-E61C-4EED-A262-11BDA12F5794}.Release|Any CPU.ActiveCfg = Release|Any CPU
		{171DBA33-E61C-4EED-A262-11BDA12F5794}.Release|Any CPU.Build.0 = Release|Any CPU
		{53A00750-8C2F-4AE3-88F4-987D62A64DDC}.Debug|Any CPU.ActiveCfg = Debug|Any CPU
		{53A00750-8C2F-4AE3-88F4-987D62A64DDC}.Debug|Any CPU.Build.0 = Debug|Any CPU
		{53A00750-8C2F-4AE3-88F4-987D62A64DDC}.Release|Any CPU.ActiveCfg = Release|Any CPU
		{53A00750-8C2F-4AE3-88F4-987D62A64DDC}.Release|Any CPU.Build.0 = Release|Any CPU
	EndGlobalSection
	GlobalSection(SolutionProperties) = preSolution
		HideSolutionNode = FALSE
	EndGlobalSection
	GlobalSection(NestedProjects) = preSolution
		{A11E2432-8926-4460-B772-97010746087A} = {A891F9AD-D302-4A4A-AC98-7B4A15580150}
		{179667D1-0054-46C0-8093-367F3E5FFCCF} = {F72CC581-8481-4D12-872F-B4DCFF326F84}
		{6688D2B9-6607-4186-A06C-C9A9478332EB} = {A891F9AD-D302-4A4A-AC98-7B4A15580150}
		{D386AE8A-84E2-444F-AC32-1CBED45FAA82} = {F72CC581-8481-4D12-872F-B4DCFF326F84}
		{10A43EFA-A64B-477A-A272-17871FD4155F} = {EA8961FD-6FDD-4E73-988B-26B10E128950}
		{B121C5E7-D65B-4F87-9B22-63AB8C43F3DB} = {EA8961FD-6FDD-4E73-988B-26B10E128950}
		{EA8961FD-6FDD-4E73-988B-26B10E128950} = {5162A6CC-3101-4445-8064-CEA59E0A49EA}
		{E901C4F0-940E-40BE-BD76-CB173F995DC7} = {5162A6CC-3101-4445-8064-CEA59E0A49EA}
		{1BFD1FD6-04EC-4821-BD41-0611E5296698} = {E901C4F0-940E-40BE-BD76-CB173F995DC7}
		{171DBA33-E61C-4EED-A262-11BDA12F5794} = {E901C4F0-940E-40BE-BD76-CB173F995DC7}
		{53A00750-8C2F-4AE3-88F4-987D62A64DDC} = {E901C4F0-940E-40BE-BD76-CB173F995DC7}
	EndGlobalSection
	GlobalSection(ExtensibilityGlobals) = postSolution
		SolutionGuid = {096A7339-CA32-4156-9BDB-FA745A8B3A33}
	EndGlobalSection
EndGlobal
